
Microsoft Visual Studio Solution File, Format Version 12.00
# Visual Studio Version 16
VisualStudioVersion = 16.0.31019.35
MinimumVisualStudioVersion = 10.0.40219.1
Project("{9A19103F-16F7-4668-BE54-9A1E7A4F7556}") = "Working", "Working\Working.csproj", "{B729B5C6-34E4-4FFD-9E02-81C4C7C5B30D}"
EndProject
Project("{FAE04EC0-301F-11D3-BF4B-00C04F79EFBC}") = "Working.XUnitTest", "Working.XUnitTest\Working.XUnitTest.csproj", "{A2209E42-C765-4AA1-9D8A-D91736D1F34C}"
EndProject
Global
	GlobalSection(SolutionConfigurationPlatforms) = preSolution
		Debug|Any CPU = Debug|Any CPU
		Release|Any CPU = Release|Any CPU
	EndGlobalSection
	GlobalSection(ProjectConfigurationPlatforms) = postSolution
		{B729B5C6-34E4-4FFD-9E02-81C4C7C5B30D}.Debug|Any CPU.ActiveCfg = Debug|Any CPU
		{B729B5C6-34E4-4FFD-9E02-81C4C7C5B30D}.Debug|Any CPU.Build.0 = Debug|Any CPU
		{B729B5C6-34E4-4FFD-9E02-81C4C7C5B30D}.Release|Any CPU.ActiveCfg = Release|Any CPU
		{B729B5C6-34E4-4FFD-9E02-81C4C7C5B30D}.Release|Any CPU.Build.0 = Release|Any CPU
		{A2209E42-C765-4AA1-9D8A-D91736D1F34C}.Debug|Any CPU.ActiveCfg = Debug|Any CPU
		{A2209E42-C765-4AA1-9D8A-D91736D1F34C}.Debug|Any CPU.Build.0 = Debug|Any CPU
		{A2209E42-C765-4AA1-9D8A-D91736D1F34C}.Release|Any CPU.ActiveCfg = Release|Any CPU
		{A2209E42-C765-4AA1-9D8A-D91736D1F34C}.Release|Any CPU.Build.0 = Release|Any CPU
	EndGlobalSection
	GlobalSection(SolutionProperties) = preSolution
		HideSolutionNode = FALSE
	EndGlobalSection
	GlobalSection(ExtensibilityGlobals) = postSolution
		SolutionGuid = {8DFA2C8A-AD19-407B-BFF0-351DEF316667}
	EndGlobalSection
EndGlobal
